{
  "name": "@replynodes/brand-kit",
  "version": "0.1.1",
  "lockfileVersion": 3,
  "requires": true,
  "packages": {
    "": {
      "name": "@replynodes/brand-kit",
      "version": "0.1.1",
      "license": "MIT",
      "bin": { "brand-kit": "bin/brand-kit.mjs" },
      "engines": { "node": ">=20.19.0" }
    }
  }
}
